
Microsoft Visual Studio Solution File, Format Version 12.00
# Visual Studio 15
VisualStudioVersion = 15.0.27703.2042
MinimumVisualStudioVersion = 10.0.40219.1
Project("{FAE04EC0-301F-11D3-BF4B-00C04F79EFBC}") = "JustEatTest", "JustEatTest\JustEatTest.csproj", "{EA647670-2A1E-425E-B3EB-894E2F47CCFB}"
EndProject
Project("{FAE04EC0-301F-11D3-BF4B-00C04F79EFBC}") = "JustEatTest.Tests", "JustEatTest.Tests\JustEatTest.Tests.csproj", "{B6E75E80-7515-4623-9AE0-8AF1DF7D524A}"
EndProject
Global
	GlobalSection(SolutionConfigurationPlatforms) = preSolution
		Debug|Any CPU = Debug|Any CPU
		Release|Any CPU = Release|Any CPU
	EndGlobalSection
	GlobalSection(ProjectConfigurationPlatforms) = postSolution
		{EA647670-2A1E-425E-B3EB-894E2F47CCFB}.Debug|Any CPU.ActiveCfg = Debug|Any CPU
		{EA647670-2A1E-425E-B3EB-894E2F47CCFB}.Debug|Any CPU.Build.0 = Debug|Any CPU
		{EA647670-2A1E-425E-B3EB-894E2F47CCFB}.Release|Any CPU.ActiveCfg = Release|Any CPU
		{EA647670-2A1E-425E-B3EB-894E2F47CCFB}.Release|Any CPU.Build.0 = Release|Any CPU
		{B6E75E80-7515-4623-9AE0-8AF1DF7D524A}.Debug|Any CPU.ActiveCfg = Debug|Any CPU
		{B6E75E80-7515-4623-9AE0-8AF1DF7D524A}.Debug|Any CPU.Build.0 = Debug|Any CPU
		{B6E75E80-7515-4623-9AE0-8AF1DF7D524A}.Release|Any CPU.ActiveCfg = Release|Any CPU
		{B6E75E80-7515-4623-9AE0-8AF1DF7D524A}.Release|Any CPU.Build.0 = Release|Any CPU
	EndGlobalSection
	GlobalSection(SolutionProperties) = preSolution
		HideSolutionNode = FALSE
	EndGlobalSection
	GlobalSection(ExtensibilityGlobals) = postSolution
		SolutionGuid = {522C8911-278A-4263-8B2C-69FB352F51F0}
	EndGlobalSection
EndGlobal
